Microsoft Visual Studio Solution File, Format Version 12.00
# Visual Studio Version 17
VisualStudioVersion = 17.5.2.0
MinimumVisualStudioVersion = 10.0.40219.1
Project("{FAE04EC0-301F-11D3-BF4B-00C04F79EFBC}") = "PCSzerviz", "PCSzerviz.csproj", "{DEC930DC-FA88-F47A-A346-197AA70CC41C}"
EndProject
Global
	GlobalSection(SolutionConfigurationPlatforms) = preSolution
		Debug|Any CPU = Debug|Any CPU
		Release|Any CPU = Release|Any CPU
	EndGlobalSection
	GlobalSection(ProjectConfigurationPlatforms) = postSolution
		{DEC930DC-FA88-F47A-A346-197AA70CC41C}.Debug|Any CPU.ActiveCfg = Debug|Any CPU
		{DEC930DC-FA88-F47A-A346-197AA70CC41C}.Debug|Any CPU.Build.0 = Debug|Any CPU
		{DEC930DC-FA88-F47A-A346-197AA70CC41C}.Release|Any CPU.ActiveCfg = Release|Any CPU
		{DEC930DC-FA88-F47A-A346-197AA70CC41C}.Release|Any CPU.Build.0 = Release|Any CPU
	EndGlobalSection
	GlobalSection(SolutionProperties) = preSolution
		HideSolutionNode = FALSE
	EndGlobalSection
	GlobalSection(ExtensibilityGlobals) = postSolution
		SolutionGuid = {38CB3E52-70C2-4CA2-BF9B-7AC57FE22194}
	EndGlobalSection
EndGlobal
